// !$*UTF8*$!
{
	archiveVersion = 1;
	classes = {
	};
	objectVersion = 46;
	objects = {

/* Begin PBXBuildFile section */
		45802B081CB90BEF00290B38 /* main.cpp in Sources */ = {isa = PBXBuildFile; fileRef = 45802B071CB90BEF00290B38 /* main.cpp */; };
		45802B111CB9179C00290B38 /* lisp_utils.cpp in Sources */ = {isa = PBXBuildFile; fileRef = 45802B101CB9179C00290B38 /* lisp_utils.cpp */; };
		458745C81CB99DF200994189 /* lisp.cpp in Sources */ = {isa = PBXBuildFile; fileRef = 458745C61CB99DF200994189 /* lisp.cpp */; };
		458745CC1CB9D9A600994189 /* lisp_aritmetic_operators.cpp in Sources */ = {isa = PBXBuildFile; fileRef = 458745CA1CB9D9A600994189 /* lisp_aritmetic_operators.cpp */; };
		458745CF1CB9DE8F00994189 /* lisp_comparison_operators.cpp in Sources */ = {isa = PBXBuildFile; fileRef = 458745CD1CB9DE8F00994189 /* lisp_comparison_operators.cpp */; };
		458745D21CB9DFE900994189 /* lisp_functions.cpp in Sources */ = {isa = PBXBuildFile; fileRef = 458745D01CB9DFE900994189 /* lisp_functions.cpp */; };
		458745D51CBA6E6A00994189 /* lisp_object.cpp in Sources */ = {isa = PBXBuildFile; fileRef = 458745D31CBA6E6A00994189 /* lisp_object.cpp */; };
		458745D81CBA749400994189 /* lisp_interpreter.cpp in Sources */ = {isa = PBXBuildFile; fileRef = 458745D61CBA749400994189 /* lisp_interpreter.cpp */; };
/* End PBXBuildFile section */

/* Begin PBXCopyFilesBuildPhase section */
		45802B021CB90BEF00290B38 /* CopyFiles */ = {
			isa = PBXCopyFilesBuildPhase;
			buildActionMask = 2147483647;
			dstPath = /usr/share/man/man1/;
			dstSubfolderSpec = 0;
			files = (
			);
			runOnlyForDeploymentPostprocessing = 1;
		};
/* End PBXCopyFilesBuildPhase section */

/* Begin PBXFileReference section */
		45802B041CB90BEF00290B38 /* interpreter */ = {isa = PBXFileReference; explicitFileType = "compiled.mach-o.executable"; includeInIndex = 0; path = interpreter; sourceTree = BUILT_PRODUCTS_DIR; };
		45802B071CB90BEF00290B38 /* main.cpp */ = {isa = PBXFileReference; lastKnownFileType = sourcecode.cpp.cpp; path = main.cpp; sourceTree = "<group>"; };
		45802B0E1CB9157500290B38 /* lisp_utils.h */ = {isa = PBXFileReference; lastKnownFileType = sourcecode.c.h; name = lisp_utils.h; path = interpreter/lisp_utils.h; sourceTree = "<group>"; };
		45802B0F1CB9163A00290B38 /* tokens.h */ = {isa = PBXFileReference; lastKnownFileType = sourcecode.c.h; path = tokens.h; sourceTree = "<group>"; };
		45802B101CB9179C00290B38 /* lisp_utils.cpp */ = {isa = PBXFileReference; fileEncoding = 4; lastKnownFileType = sourcecode.cpp.cpp; name = lisp_utils.cpp; path = interpreter/lisp_utils.cpp; sourceTree = "<group>"; };
		458745C21CB94C7B00994189 /* string_utils.h */ = {isa = PBXFileReference; lastKnownFileType = sourcecode.c.h; path = string_utils.h; sourceTree = "<group>"; };
		458745C61CB99DF200994189 /* lisp.cpp */ = {isa = PBXFileReference; fileEncoding = 4; lastKnownFileType = sourcecode.cpp.cpp; path = lisp.cpp; sourceTree = "<group>"; };
		458745C71CB99DF200994189 /* lisp.h */ = {isa = PBXFileReference; fileEncoding = 4; lastKnownFileType = sourcecode.c.h; path = lisp.h; sourceTree = "<group>"; };
		458745C91CB9D44000994189 /* lisp_errors.h */ = {isa = PBXFileReference; lastKnownFileType = sourcecode.c.h; path = lisp_errors.h; sourceTree = "<group>"; };
		458745CA1CB9D9A600994189 /* lisp_aritmetic_operators.cpp */ = {isa = PBXFileReference; fileEncoding = 4; lastKnownFileType = sourcecode.cpp.cpp; path = lisp_aritmetic_operators.cpp; sourceTree = "<group>"; };
		458745CB1CB9D9A600994189 /* lisp_aritmetic_operators.h */ = {isa = PBXFileReference; fileEncoding = 4; lastKnownFileType = sourcecode.c.h; path = lisp_aritmetic_operators.h; sourceTree = "<group>"; };
		458745CD1CB9DE8F00994189 /* lisp_comparison_operators.cpp */ = {isa = PBXFileReference; fileEncoding = 4; lastKnownFileType = sourcecode.cpp.cpp; path = lisp_comparison_operators.cpp; sourceTree = "<group>"; };
		458745CE1CB9DE8F00994189 /* lisp_comparison_operators.h */ = {isa = PBXFileReference; fileEncoding = 4; lastKnownFileType = sourcecode.c.h; path = lisp_comparison_operators.h; sourceTree = "<group>"; };
		458745D01CB9DFE900994189 /* lisp_functions.cpp */ = {isa = PBXFileReference; fileEncoding = 4; lastKnownFileType = sourcecode.cpp.cpp; path = lisp_functions.cpp; sourceTree = "<group>"; };
		458745D11CB9DFE900994189 /* lisp_functions.h */ = {isa = PBXFileReference; fileEncoding = 4; lastKnownFileType = sourcecode.c.h; path = lisp_functions.h; sourceTree = "<group>"; };
		458745D31CBA6E6A00994189 /* lisp_object.cpp */ = {isa = PBXFileReference; fileEncoding = 4; lastKnownFileType = sourcecode.cpp.cpp; path = lisp_object.cpp; sourceTree = "<group>"; };
		458745D41CBA6E6A00994189 /* lisp_object.h */ = {isa = PBXFileReference; fileEncoding = 4; lastKnownFileType = sourcecode.c.h; path = lisp_object.h; sourceTree = "<group>"; };
		458745D61CBA749400994189 /* lisp_interpreter.cpp */ = {isa = PBXFileReference; fileEncoding = 4; lastKnownFileType = sourcecode.cpp.cpp; path = lisp_interpreter.cpp; sourceTree = "<group>"; };
		458745D71CBA749400994189 /* lisp_interpreter.h */ = {isa = PBXFileReference; fileEncoding = 4; lastKnownFileType = sourcecode.c.h; path = lisp_interpreter.h; sourceTree = "<group>"; };
/* End PBXFileReference section */

/* Begin PBXFrameworksBuildPhase section */
		45802B011CB90BEF00290B38 /* Frameworks */ = {
			isa = PBXFrameworksBuildPhase;
			buildActionMask = 2147483647;
			files = (
			);
			runOnlyForDeploymentPostprocessing = 0;
		};
/* End PBXFrameworksBuildPhase section */

/* Begin PBXGroup section */
		45802AFB1CB90BEF00290B38 = {
			isa = PBXGroup;
			children = (
				458745D61CBA749400994189 /* lisp_interpreter.cpp */,
				458745D71CBA749400994189 /* lisp_interpreter.h */,
				458745D31CBA6E6A00994189 /* lisp_object.cpp */,
				458745D41CBA6E6A00994189 /* lisp_object.h */,
				458745D01CB9DFE900994189 /* lisp_functions.cpp */,
				458745D11CB9DFE900994189 /* lisp_functions.h */,
				458745CD1CB9DE8F00994189 /* lisp_comparison_operators.cpp */,
				458745CE1CB9DE8F00994189 /* lisp_comparison_operators.h */,
				458745CA1CB9D9A600994189 /* lisp_aritmetic_operators.cpp */,
				458745CB1CB9D9A600994189 /* lisp_aritmetic_operators.h */,
				458745C91CB9D44000994189 /* lisp_errors.h */,
				458745C61CB99DF200994189 /* lisp.cpp */,
				458745C71CB99DF200994189 /* lisp.h */,
				458745C21CB94C7B00994189 /* string_utils.h */,
				45802B101CB9179C00290B38 /* lisp_utils.cpp */,
				45802B0F1CB9163A00290B38 /* tokens.h */,
				45802B0E1CB9157500290B38 /* lisp_utils.h */,
				45802B061CB90BEF00290B38 /* interpreter */,
				45802B051CB90BEF00290B38 /* Products */,
			);
			sourceTree = "<group>";
		};
		45802B051CB90BEF00290B38 /* Products */ = {
			isa = PBXGroup;
			children = (
				45802B041CB90BEF00290B38 /* interpreter */,
			);
			name = Products;
			sourceTree = "<group>";
		};
		45802B061CB90BEF00290B38 /* interpreter */ = {
			isa = PBXGroup;
			children = (
				45802B071CB90BEF00290B38 /* main.cpp */,
			);
			path = interpreter;
			sourceTree = "<group>";
		};
/* End PBXGroup section */

/* Begin PBXNativeTarget section */
		45802B031CB90BEF00290B38 /* interpreter */ = {
			isa = PBXNativeTarget;
			buildConfigurationList = 45802B0B1CB90BEF00290B38 /* Build configuration list for PBXNativeTarget "interpreter" */;
			buildPhases = (
				45802B001CB90BEF00290B38 /* Sources */,
				45802B011CB90BEF00290B38 /* Frameworks */,
				45802B021CB90BEF00290B38 /* CopyFiles */,
			);
			buildRules = (
			);
			dependencies = (
			);
			name = interpreter;
			productName = interpreter;
			productReference = 45802B041CB90BEF00290B38 /* interpreter */;
			productType = "com.apple.product-type.tool";
		};
/* End PBXNativeTarget section */

/* Begin PBXProject section */
		45802AFC1CB90BEF00290B38 /* Project object */ = {
			isa = PBXProject;
			attributes = {
				LastUpgradeCheck = 0730;
				ORGANIZATIONNAME = "sergio vieira";
				TargetAttributes = {
					45802B031CB90BEF00290B38 = {
						CreatedOnToolsVersion = 7.3;
					};
				};
			};
			buildConfigurationList = 45802AFF1CB90BEF00290B38 /* Build configuration list for PBXProject "interpreter" */;
			compatibilityVersion = "Xcode 3.2";
			developmentRegion = English;
			hasScannedForEncodings = 0;
			knownRegions = (
				en,
			);
			mainGroup = 45802AFB1CB90BEF00290B38;
			productRefGroup = 45802B051CB90BEF00290B38 /* Products */;
			projectDirPath = "";
			projectRoot = "";
			targets = (
				45802B031CB90BEF00290B38 /* interpreter */,
			);
		};
/* End PBXProject section */

/* Begin PBXSourcesBuildPhase section */
		45802B001CB90BEF00290B38 /* Sources */ = {
			isa = PBXSourcesBuildPhase;
			buildActionMask = 2147483647;
			files = (
				458745D81CBA749400994189 /* lisp_interpreter.cpp in Sources */,
				458745CF1CB9DE8F00994189 /* lisp_comparison_operators.cpp in Sources */,
				458745CC1CB9D9A600994189 /* lisp_aritmetic_operators.cpp in Sources */,
				458745C81CB99DF200994189 /* lisp.cpp in Sources */,
				45802B111CB9179C00290B38 /* lisp_utils.cpp in Sources */,
				45802B081CB90BEF00290B38 /* main.cpp in Sources */,
				458745D51CBA6E6A00994189 /* lisp_object.cpp in Sources */,
				458745D21CB9DFE900994189 /* lisp_functions.cpp in Sources */,
			);
			runOnlyForDeploymentPostprocessing = 0;
		};
/* End PBXSourcesBuildPhase section */

/* Begin XCBuildConfiguration section */
		45802B091CB90BEF00290B38 /* Debug */ = {
			isa = XCBuildConfiguration;
			buildSettings = {
				ALWAYS_SEARCH_USER_PATHS = NO;
				CLANG_ANALYZER_NONNULL = YES;
				CLANG_CXX_LANGUAGE_STANDARD = "gnu++0x";
				CLANG_CXX_LIBRARY = "libc++";
				CLANG_ENABLE_MODULES = YES;
				CLANG_ENABLE_OBJC_ARC = YES;
				CLANG_WARN_BOOL_CONVERSION = YES;
				CLANG_WARN_CONSTANT_CONVERSION = YES;
				CLANG_WARN_DIRECT_OBJC_ISA_USAGE = YES_ERROR;
				CLANG_WARN_EMPTY_BODY = YES;
				CLANG_WARN_ENUM_CONVERSION = YES;
				CLANG_WARN_INT_CONVERSION = YES;
				CLANG_WARN_OBJC_ROOT_CLASS = YES_ERROR;
				CLANG_WARN_UNREACHABLE_CODE = YES;
				CLANG_WARN__DUPLICATE_METHOD_MATCH = YES;
				CODE_SIGN_IDENTITY = "-";
				COPY_PHASE_STRIP = NO;
				DEBUG_INFORMATION_FORMAT = dwarf;
				ENABLE_STRICT_OBJC_MSGSEND = YES;
				ENABLE_TESTABILITY = YES;
				GCC_C_LANGUAGE_STANDARD = gnu99;
				GCC_DYNAMIC_NO_PIC = NO;
				GCC_NO_COMMON_BLOCKS = YES;
				GCC_OPTIMIZATION_LEVEL = 0;
				GCC_PREPROCESSOR_DEFINITIONS = (
					"DEBUG=1",
					"$(inherited)",
				);
				GCC_WARN_64_TO_32_BIT_CONVERSION = YES;
				GCC_WARN_ABOUT_RETURN_TYPE = YES_ERROR;
				GCC_WARN_UNDECLARED_SELECTOR = YES;
				GCC_WARN_UNINITIALIZED_AUTOS = YES_AGGRESSIVE;
				GCC_WARN_UNUSED_FUNCTION = YES;
				GCC_WARN_UNUSED_VARIABLE = YES;
				MACOSX_DEPLOYMENT_TARGET = 10.11;
				MTL_ENABLE_DEBUG_INFO = YES;
				ONLY_ACTIVE_ARCH = YES;
				SDKROOT = macosx;
			};
			name = Debug;
		};
		45802B0A1CB90BEF00290B38 /* Release */ = {
			isa = XCBuildConfiguration;
			buildSettings = {
				ALWAYS_SEARCH_USER_PATHS = NO;
				CLANG_ANALYZER_NONNULL = YES;
				CLANG_CXX_LANGUAGE_STANDARD = "gnu++0x";
				CLANG_CXX_LIBRARY = "libc++";
				CLANG_ENABLE_MODULES = YES;
				CLANG_ENABLE_OBJC_ARC = YES;
				CLANG_WARN_BOOL_CONVERSION = YES;
				CLANG_WARN_CONSTANT_CONVERSION = YES;
				CLANG_WARN_DIRECT_OBJC_ISA_USAGE = YES_ERROR;
				CLANG_WARN_EMPTY_BODY = YES;
				CLANG_WARN_ENUM_CONVERSION = YES;
				CLANG_WARN_INT_CONVERSION = YES;
				CLANG_WARN_OBJC_ROOT_CLASS = YES_ERROR;
				CLANG_WARN_UNREACHABLE_CODE = YES;
				CLANG_WARN__DUPLICATE_METHOD_MATCH = YES;
				CODE_SIGN_IDENTITY = "-";
				COPY_PHASE_STRIP = NO;
				DEBUG_INFORMATION_FORMAT = "dwarf-with-dsym";
				ENABLE_NS_ASSERTIONS = NO;
				ENABLE_STRICT_OBJC_MSGSEND = YES;
				GCC_C_LANGUAGE_STANDARD = gnu99;
				GCC_NO_COMMON_BLOCKS = YES;
				GCC_WARN_64_TO_32_BIT_CONVERSION = YES;
				GCC_WARN_ABOUT_RETURN_TYPE = YES_ERROR;
				GCC_WARN_UNDECLARED_SELECTOR = YES;
				GCC_WARN_UNINITIALIZED_AUTOS = YES_AGGRESSIVE;
				GCC_WARN_UNUSED_FUNCTION = YES;
				GCC_WARN_UNUSED_VARIABLE = YES;
				MACOSX_DEPLOYMENT_TARGET = 10.11;
				MTL_ENABLE_DEBUG_INFO = NO;
				SDKROOT = macosx;
			};
			name = Release;
		};
		45802B0C1CB90BEF00290B38 /* Debug */ = {
			isa = XCBuildConfiguration;
			buildSettings = {
				ALWAYS_SEARCH_USER_PATHS = NO;
				HEADER_SEARCH_PATHS = $SRCROOT/interpreter/igloo;
				PRODUCT_NAME = "$(TARGET_NAME)";
				USER_HEADER_SEARCH_PATHS = "";
			};
			name = Debug;
		};
		45802B0D1CB90BEF00290B38 /* Release */ = {
			isa = XCBuildConfiguration;
			buildSettings = {
				ALWAYS_SEARCH_USER_PATHS = NO;
				HEADER_SEARCH_PATHS = $SRCROOT/interpreter/igloo;
				PRODUCT_NAME = "$(TARGET_NAME)";
				USER_HEADER_SEARCH_PATHS = "";
			};
			name = Release;
		};
/* End XCBuildConfiguration section */

/* Begin XCConfigurationList section */
		45802AFF1CB90BEF00290B38 /* Build configuration list for PBXProject "interpreter" */ = {
			isa = XCConfigurationList;
			buildConfigurations = (
				45802B091CB90BEF00290B38 /* Debug */,
				45802B0A1CB90BEF00290B38 /* Release */,
			);
			defaultConfigurationIsVisible = 0;
			defaultConfigurationName = Release;
		};
		45802B0B1CB90BEF00290B38 /* Build configuration list for PBXNativeTarget "interpreter" */ = {
			isa = XCConfigurationList;
			buildConfigurations = (
				45802B0C1CB90BEF00290B38 /* Debug */,
				45802B0D1CB90BEF00290B38 /* Release */,
			);
			defaultConfigurationIsVisible = 0;
			defaultConfigurationName = Release;
		};
/* End XCConfigurationList section */
	};
	rootObject = 45802AFC1CB90BEF00290B38 /* Project object */;
}
